
Microsoft Visual Studio Solution File, Format Version 12.00
Project("{2150E333-8FDC-42A3-9474-1A3956D46DE8}") = "Tasking", "Tasking", "{0F2CFB2A-F579-4E9D-8CD4-EDC8173D1A63}"
EndProject
Project("{FAE04EC0-301F-11D3-BF4B-00C04F79EFBC}") = "TrelloClone.Tasking.Domain", "Tasking\TrelloClone.Tasking.Domain\TrelloClone.Tasking.Domain.csproj", "{F86B38A9-99DF-4C5F-AD33-00122BE78A70}"
EndProject
Project("{FAE04EC0-301F-11D3-BF4B-00C04F79EFBC}") = "TrelloClone.Tasking.Test", "Tasking\TrelloClone.Tasking.Test\TrelloClone.Tasking.Test.csproj", "{1692377F-961D-4871-8C31-F54DADCCB989}"
EndProject
Global
	GlobalSection(SolutionConfigurationPlatforms) = preSolution
		Debug|Any CPU = Debug|Any CPU
		Release|Any CPU = Release|Any CPU
	EndGlobalSection
	GlobalSection(NestedProjects) = preSolution
		{F86B38A9-99DF-4C5F-AD33-00122BE78A70} = {0F2CFB2A-F579-4E9D-8CD4-EDC8173D1A63}
		{1692377F-961D-4871-8C31-F54DADCCB989} = {0F2CFB2A-F579-4E9D-8CD4-EDC8173D1A63}
	EndGlobalSection
	GlobalSection(ProjectConfigurationPlatforms) = postSolution
		{F86B38A9-99DF-4C5F-AD33-00122BE78A70}.Debug|Any CPU.ActiveCfg = Debug|Any CPU
		{F86B38A9-99DF-4C5F-AD33-00122BE78A70}.Debug|Any CPU.Build.0 = Debug|Any CPU
		{F86B38A9-99DF-4C5F-AD33-00122BE78A70}.Release|Any CPU.ActiveCfg = Release|Any CPU
		{F86B38A9-99DF-4C5F-AD33-00122BE78A70}.Release|Any CPU.Build.0 = Release|Any CPU
		{1692377F-961D-4871-8C31-F54DADCCB989}.Debug|Any CPU.ActiveCfg = Debug|Any CPU
		{1692377F-961D-4871-8C31-F54DADCCB989}.Debug|Any CPU.Build.0 = Debug|Any CPU
		{1692377F-961D-4871-8C31-F54DADCCB989}.Release|Any CPU.ActiveCfg = Release|Any CPU
		{1692377F-961D-4871-8C31-F54DADCCB989}.Release|Any CPU.Build.0 = Release|Any CPU
	EndGlobalSection
EndGlobal
